
Microsoft Visual Studio Solution File, Format Version 12.00
# Visual Studio Version 17
VisualStudioVersion = 17.4.33403.182
MinimumVisualStudioVersion = 10.0.40219.1
Project("{888888A0-9F3D-457C-B088-3A5042F75D52}") = "Alphabet_Game", "Alphabet_Game.pyproj", "{ECB3AC06-D2F7-4B15-95F7-4E393CEBA12A}"
EndProject
Global
	GlobalSection(SolutionConfigurationPlatforms) = preSolution
		Debug|Any CPU = Debug|Any CPU
		Release|Any CPU = Release|Any CPU
	EndGlobalSection
	GlobalSection(ProjectConfigurationPlatforms) = postSolution
		{ECB3AC06-D2F7-4B15-95F7-4E393CEBA12A}.Debug|Any CPU.ActiveCfg = Debug|Any CPU
		{ECB3AC06-D2F7-4B15-95F7-4E393CEBA12A}.Release|Any CPU.ActiveCfg = Release|Any CPU
	EndGlobalSection
	GlobalSection(SolutionProperties) = preSolution
		HideSolutionNode = FALSE
	EndGlobalSection
	GlobalSection(ExtensibilityGlobals) = postSolution
		SolutionGuid = {5A7DF167-145F-4FA3-9999-C958B4F00145}
	EndGlobalSection
EndGlobal
